
Microsoft Visual Studio Solution File, Format Version 12.00
# Visual Studio Version 16
VisualStudioVersion = 16.0.31105.61
MinimumVisualStudioVersion = 10.0.40219.1
Project("{FAE04EC0-301F-11D3-BF4B-00C04F79EFBC}") = "ArkaneSystems.WSL", "ArkaneSystems.WSL.csproj", "{BC033625-8F12-47FA-8208-2FD0636AF34E}"
EndProject
Global
	GlobalSection(SolutionConfigurationPlatforms) = preSolution
		Debug|Any CPU = Debug|Any CPU
		Release|Any CPU = Release|Any CPU
	EndGlobalSection
	GlobalSection(ProjectConfigurationPlatforms) = postSolution
		{BC033625-8F12-47FA-8208-2FD0636AF34E}.Debug|Any CPU.ActiveCfg = Debug|Any CPU
		{BC033625-8F12-47FA-8208-2FD0636AF34E}.Debug|Any CPU.Build.0 = Debug|Any CPU
		{BC033625-8F12-47FA-8208-2FD0636AF34E}.Release|Any CPU.ActiveCfg = Release|Any CPU
		{BC033625-8F12-47FA-8208-2FD0636AF34E}.Release|Any CPU.Build.0 = Release|Any CPU
	EndGlobalSection
	GlobalSection(SolutionProperties) = preSolution
		HideSolutionNode = FALSE
	EndGlobalSection
	GlobalSection(ExtensibilityGlobals) = postSolution
		SolutionGuid = {0D2B85D5-30C7-46F4-AA1E-D79BBDBC9713}
	EndGlobalSection
EndGlobal
